{
    "_meta": {
        "hash": {
            "sha256": "7ddad20b63c299b6c639c595299356b9cd96d82e1ade9bae2b470c464ea60eae"
        },
        "pipfile-spec": 6,
        "requires": {
            "python_version": "3.7"
        },
        "sources": [
            {
                "name": "pypi",
                "url": "https://pypi.org/simple",
                "verify_ssl": true
            }
        ]
    },
    "default": {
        "gensim": {
            "hashes": [
                "sha256:10d0a01a541aa9810add46fe2ccb043a86d99f5075f8dc35466f65949adcb64c",
                "sha256:11c01f38a77579b4fda635b92f1231b2986d9fefff44af401c2d106901b9342a",
                "sha256:1a302a0829eaa023fa6e91e3b489e5b6173127124f2bfbdfa4118b75bd402264",
                "sha256:1b747baf65b51e101db5b4b8eb84ac2c400ab81c3fb0758ff5f879693e936ce3",
                "sha256:1cfd541f4a8651d5d24f61b35a263573bb3464f1d72d12366c4ab15931c81fad",
                "sha256:267983deeb6969a43f7366a188c4f5f2942a49271b7dbdfc07066707fb2029e2",
                "sha256:33277fc0a8d7b0c7ce70fcc74bb82ad39f944c009b334856c6e86bf552b1dfdc",
                "sha256:36518200175c708e762f5763f34b1e5a6b64e7844f2c172afd480231361192fd",
                "sha256:458c2dea186e7e35fa417b13060c4c5ce63e90c36240c745574a95c2b02c425b",
                "sha256:498bc173df0cebb430e01d9860d8cb9a1d4724537da3b3b1b6ec371ddd86794e",
                "sha256:4e5344a07e6646198669befb3f6d3d25209693a904863293da2b0233c5526686",
                "sha256:56fc56f1b8044f33c29ab3f5416d05a1655223a7654cc0887e4e0a17f50e6006",
                "sha256:58f28f6dd25cb4f83ace8b6be1e132d56acfd60b823241e84bb8cba2e9676a39",
                "sha256:6c7065de589edd53cd42f4e5bbae8a821d285c75f12412ee0e32c972f14672c1",
                "sha256:734c8fcd65068f06c1da37beeec7b22a9380faa63a307a99b0bb109560e05e47",
                "sha256:afca1f0081b5e1ce3f07d7ac540196c1af81b9d0513fbd8c4744cc7910922e09",
                "sha256:b08c526ce5dabceb042499c7711e229fb3d2874f69a83dbcab77a35bedac8552",
                "sha256:ba19d8021554c773420321cc0b1ad5ed1f0cd5d14c08a24631263f23d6e8c14e",
                "sha256:bd0e40149a6f07961123f8770b68050366b6772f38521c75a9d0b03242cb9fde",
                "sha256:d3b3cb01e4e997731c41944ffbfce2af67585c6a60fd4fc4a02909dff77021aa",
                "sha256:d9f13b7f0c425b632f18b0b7c87551a0e0d87695506e63153b442e137a4a69fd",
                "sha256:db3b8cfc03e9b7e4c93ea2221cb82d9719fcc3cd16201191f45f12e3c9b0f206",
                "sha256:ef51a5aada90ce0f8f13be750e8d8460bd33e2793c2e74bb453fb1ce7b7ba79d"
            ],
            "index": "pypi",
            "version": "==3.8.1"
        },
        "grpcio": {
            "hashes": [
                "sha256:085bbf7fd0070b8d65e84aa32979f17cfe624d27b5ce23955ef770c19d2d9623",
                "sha256:0ae207a47ec0ad66eb1f53a27d566674d13a236c62ced409891335318ea9b8c5",
                "sha256:0c130204ff5de0b9f041bf3126db0d29369d69883592e4b0d3c19868ba0ced7e",
                "sha256:0ef6b380a588c2c6b29c6cfa0ba7f5d367beb33d5504bcc68658fa241ad498d2",
                "sha256:16e1edb367763ea08d0994d4635ec05f4f8db9db59c39304b061097e3b93df43",
                "sha256:16f5523dacae5aaeda4cf900da7e980747f663298c38c18eb4e5317704aa007a",
                "sha256:181b5078cf568f37915b8a118afcef5fc9f3128c59c38998ed93e7dd793e3928",
                "sha256:245564713cb4ac7bccb0f11be63781beb62299a44d8ab69031c859dbd9461728",
                "sha256:271abbe28eb99fa5c70b3f272c0c66b67dab7bb11e1d29d8e616b4e0e099d29a",
                "sha256:2e1b01cba26988c811c7fb91a0bca19c9afb776cc3d228993f08d324bdd0510a",
                "sha256:3366bd6412c1e73acb1ee27d7f0c7d7dbee118ad8d98c957c8173691b2effeec",
                "sha256:3893b39a0a17d857dc3a42fdb02a26aa53a59bfce49987187bcc0261647f1f55",
                "sha256:3c7864d5ae63b787001b01b376f6315aef1a015aa9c809535235ed0ead907919",
                "sha256:42c6716adf3ec1f608b2b56e885f26dd86e80d2fc1617f51fc92d1b0b649e28e",
                "sha256:4bef0756b9e0df78e8d67a5b1e0e89b7daf41525d575f74e1f14a993c55b680d",
                "sha256:4fe081862e58b8fbef0e479aefc9a64f8f17f53074df1085d8c1fe825a6e5df4",
                "sha256:505a8d1b4ac571a51f10c4c995d5d4714f03c886604dc3c097ef5fd57bcfcf0b",
                "sha256:5c2e81b6ab9768c43f2ca1c9a4c925823aad79ae95efb351007df4b92ebce592",
                "sha256:70ff2df0c1795c5cf585a72d95bb458838b40bad5653c314b9067ba819e918f9",
                "sha256:97b5612fc5d4bbf0490a2d80bed5eab5b59112ef1640440c1a9ac824bafa6968",
                "sha256:a35f8f4a0334ed8b05db90383aecef8e49923ab430689a4360a74052f3a89cf4",
                "sha256:aafe85a8210dfa1da3c46831b7f00c3735240b7b028eeba339eaea6ffdb593fb",
                "sha256:c2e53eb253840f05278a8410628419ba7060815f86d48c9d83b6047de21c9956",
                "sha256:c3645887db3309fc87c3db740b977d403fb265ebab292f1f6a926c4661231fd5",
                "sha256:c6565cc92853af13237b2233f331efdad07339d27fe1f5f74256bfde7dc2f587",
                "sha256:cbc322c5d5615e67c2a15be631f64e6c2bab8c12505bc7c150948abdaa0bdbac",
                "sha256:df749ee982ec35ab76d37a1e637b10a92b4573e2b4e1f86a5fa8a1273c40a850",
                "sha256:e9439d7b801c86df13c6cbb4c5a7e181c058f3c119d5e119a94a5f3090a8f060",
                "sha256:f493ac4754717f25ace3614a51dd408a32b8bff3c9c0c85e9356e7e0a120a8c8",
                "sha256:f80d10bdf1a306f7063046321fd4efc7732a606acdd4e6259b8a37349079b704",
                "sha256:f83b0c91796eb42865451a20e82246011078ba067ea0744f7301e12a94ae2e1b"
            ],
            "index": "pypi",
            "version": "==1.28.1"
        },
        "nltk": {
            "hashes": [
                "sha256:bed45551259aa2101381bbdd5df37d44ca2669c5c3dad72439fa459b29137d94"
            ],
            "index": "pypi",
            "version": "==3.4.5"
        },
        "numpy": {
            "hashes": [
                "sha256:2428b109306075d89d21135bdd6b785f132a1f5a3260c371cee1fae427e12727",
                "sha256:377751954da04d4a6950191b20539066b4e19e3b559d4695399c5e8e3e683bf6",
                "sha256:4703b9e937df83f5b6b7447ca5912b5f5f297aba45f91dbbbc63ff9278c7aa98",
                "sha256:471c0571d0895c68da309dacee4e95a0811d0a9f9f532a48dc1bea5f3b7ad2b7",
                "sha256:61d5b4cf73622e4d0c6b83408a16631b670fc045afd6540679aa35591a17fe6d",
                "sha256:6c915ee7dba1071554e70a3664a839fbc033e1d6528199d4621eeaaa5487ccd2",
                "sha256:6e51e417d9ae2e7848314994e6fc3832c9d426abce9328cf7571eefceb43e6c9",
                "sha256:719656636c48be22c23641859ff2419b27b6bdf844b36a2447cb39caceb00935",
                "sha256:780ae5284cb770ade51d4b4a7dce4faa554eb1d88a56d0e8b9f35fca9b0270ff",
                "sha256:878922bf5ad7550aa044aa9301d417e2d3ae50f0f577de92051d739ac6096cee",
                "sha256:924dc3f83de20437de95a73516f36e09918e9c9c18d5eac520062c49191025fb",
                "sha256:97ce8b8ace7d3b9288d88177e66ee75480fb79b9cf745e91ecfe65d91a856042",
                "sha256:9c0fab855ae790ca74b27e55240fe4f2a36a364a3f1ebcfd1fb5ac4088f1cec3",
                "sha256:9cab23439eb1ebfed1aaec9cd42b7dc50fc96d5cd3147da348d9161f0501ada5",
                "sha256:a8e6859913ec8eeef3dbe9aed3bf475347642d1cdd6217c30f28dee8903528e6",
                "sha256:aa046527c04688af680217fffac61eec2350ef3f3d7320c07fd33f5c6e7b4d5f",
                "sha256:abc81829c4039e7e4c30f7897938fa5d4916a09c2c7eb9b244b7a35ddc9656f4",
                "sha256:bad70051de2c50b1a6259a6df1daaafe8c480ca98132da98976d8591c412e737",
                "sha256:c73a7975d77f15f7f68dacfb2bca3d3f479f158313642e8ea9058eea06637931",
                "sha256:d15007f857d6995db15195217afdbddfcd203dfaa0ba6878a2f580eaf810ecd6",
                "sha256:d76061ae5cab49b83a8cf3feacefc2053fac672728802ac137dd8c4123397677",
                "sha256:e8e4fbbb7e7634f263c5b0150a629342cc19b47c5eba8d1cd4363ab3455ab576",
                "sha256:e9459f40244bb02b2f14f6af0cd0732791d72232bbb0dc4bab57ef88e75f6935",
                "sha256:edb1f041a9146dcf02cd7df7187db46ab524b9af2515f392f337c7cbbf5b52cd"
            ],
            "version": "==1.20.2"
        },
        "pyasn1": {
            "hashes": [
                "sha256:39c7e2ec30515947ff4e87fb6f456dfc6e84857d34be479c9d4a4ba4bf46aa5d",
                "sha256:aef77c9fb94a3ac588e87841208bdec464471d9871bd5050a287cc9a475cd0ba"
            ],
            "version": "==0.4.8"
        },
        "pyyaml": {
            "hashes": [
                "sha256:06a0d7ba600ce0b2d2fe2e78453a470b5a6e000a985dd4a4e54e436cc36b0e97",
                "sha256:240097ff019d7c70a4922b6869d8a86407758333f02203e0fc6ff79c5dcede76",
                "sha256:4f4b913ca1a7319b33cfb1369e91e50354d6f07a135f3b901aca02aa95940bd2",
                "sha256:6034f55dab5fea9e53f436aa68fa3ace2634918e8b5994d82f3621c04ff5ed2e",
                "sha256:69f00dca373f240f842b2931fb2c7e14ddbacd1397d57157a9b005a6a9942648",
                "sha256:73f099454b799e05e5ab51423c7bcf361c58d3206fa7b0d555426b1f4d9a3eaf",
                "sha256:74809a57b329d6cc0fdccee6318f44b9b8649961fa73144a98735b0aaf029f1f",
                "sha256:7739fc0fa8205b3ee8808aea45e968bc90082c10aef6ea95e855e10abf4a37b2",
                "sha256:95f71d2af0ff4227885f7a6605c37fd53d3a106fcab511b8860ecca9fcf400ee",
                "sha256:ad9c67312c84def58f3c04504727ca879cb0013b2517c85a9a253f0cb6380c0a",
                "sha256:b8eac752c5e14d3eca0e6dd9199cd627518cb5ec06add0de9d32baeee6fe645d",
                "sha256:cc8955cfbfc7a115fa81d85284ee61147059a753344bc51098f3ccd69b0d7e0c",
                "sha256:d13155f591e6fcc1ec3b30685d50bf0711574e2c0dfffd7644babf8b5102ca1a"
            ],
            "index": "pypi",
            "version": "==5.3.1"
        },
        "rsa": {
            "hashes": [
                "sha256:69805d6b69f56eb05b62daea3a7dbd7aa44324ad1306445e05da8060232d00f4",
                "sha256:a8774e55b59fd9fc893b0d05e9bfc6f47081f46ff5b46f39ccf24631b7be356b"
            ],
            "index": "pypi",
            "version": "==4.7"
        },
        "scipy": {
            "hashes": [
                "sha256:01b38dec7e9f897d4db04f8de4e20f0f5be3feac98468188a0f47a991b796055",
                "sha256:10dbcc7de03b8d635a1031cb18fd3eaa997969b64fdf78f99f19ac163a825445",
                "sha256:19aeac1ad3e57338723f4657ac8520f41714804568f2e30bd547d684d72c392e",
                "sha256:1b21c6e0dc97b1762590b70dee0daddb291271be0580384d39f02c480b78290a",
                "sha256:1caade0ede6967cc675e235c41451f9fb89ae34319ddf4740194094ab736b88d",
                "sha256:23995dfcf269ec3735e5a8c80cfceaf384369a47699df111a6246b83a55da582",
                "sha256:2a799714bf1f791fb2650d73222b248d18d53fd40d6af2df2c898db048189606",
                "sha256:3274ce145b5dc416c49c0cf8b6119f787f0965cd35e22058fe1932c09fe15d77",
                "sha256:33d1677d46111cfa1c84b87472a0274dde9ef4a7ef2e1f155f012f5f1e995d8f",
                "sha256:44d452850f77e65e25b1eb1ac01e25770323a782bfe3a1a3e43847ad4266d93d",
                "sha256:9e3302149a369697c6aaea18b430b216e3c88f9a61b62869f6104881e5f9ef85",
                "sha256:a75b014d3294fce26852a9d04ea27b5671d86736beb34acdfc05859246260707",
                "sha256:ad7269254de06743fb4768f658753de47d8b54e4672c5ebe8612a007a088bd48",
                "sha256:b30280fbc1fd8082ac822994a98632111810311a9ece71a0e48f739df3c555a2",
                "sha256:b79104878003487e2b4639a20b9092b02e1bad07fc4cf924b495cf413748a777",
                "sha256:d449d40e830366b4c612692ad19fbebb722b6b847f78a7b701b1e0d6cda3cc13",
                "sha256:d647757373985207af3343301d89fe738d5a294435a4f2aafb04c13b4388c896",
                "sha256:f68eb46b86b2c246af99fcaa6f6e37c7a7a413e1084a794990b877f2ff71f7b6",
                "sha256:fdf606341cd798530b05705c87779606fcdfaf768a8129c348ea94441da15b04"
            ],
            "version": "==1.6.3"
        },
        "six": {
            "hashes": [
                "sha256:30639c035cdb23534cd4aa2dd52c3bf48f06e5f4a941509c8bafd8ce11080259",
                "sha256:8b74bedcbbbaca38ff6d7491d76f2b06b3592611af620f8426e82dddb04a5ced"
            ],
            "version": "==1.15.0"
        },
        "smart-open": {
            "hashes": [
                "sha256:02e5e02207d955a1f9fd924c37900ac272536bd24393ae731b6945d4f766015f",
                "sha256:ed310ac51a797051b42f9437a566ac8149a3abf8c80ab994a8bd92d96fb7cf44"
            ],
            "version": "==5.0.0"
        }
    },
    "develop": {
        "grpcio": {
            "hashes": [
                "sha256:085bbf7fd0070b8d65e84aa32979f17cfe624d27b5ce23955ef770c19d2d9623",
                "sha256:0ae207a47ec0ad66eb1f53a27d566674d13a236c62ced409891335318ea9b8c5",
                "sha256:0c130204ff5de0b9f041bf3126db0d29369d69883592e4b0d3c19868ba0ced7e",
                "sha256:0ef6b380a588c2c6b29c6cfa0ba7f5d367beb33d5504bcc68658fa241ad498d2",
                "sha256:16e1edb367763ea08d0994d4635ec05f4f8db9db59c39304b061097e3b93df43",
                "sha256:16f5523dacae5aaeda4cf900da7e980747f663298c38c18eb4e5317704aa007a",
                "sha256:181b5078cf568f37915b8a118afcef5fc9f3128c59c38998ed93e7dd793e3928",
                "sha256:245564713cb4ac7bccb0f11be63781beb62299a44d8ab69031c859dbd9461728",
                "sha256:271abbe28eb99fa5c70b3f272c0c66b67dab7bb11e1d29d8e616b4e0e099d29a",
                "sha256:2e1b01cba26988c811c7fb91a0bca19c9afb776cc3d228993f08d324bdd0510a",
                "sha256:3366bd6412c1e73acb1ee27d7f0c7d7dbee118ad8d98c957c8173691b2effeec",
                "sha256:3893b39a0a17d857dc3a42fdb02a26aa53a59bfce49987187bcc0261647f1f55",
                "sha256:3c7864d5ae63b787001b01b376f6315aef1a015aa9c809535235ed0ead907919",
                "sha256:42c6716adf3ec1f608b2b56e885f26dd86e80d2fc1617f51fc92d1b0b649e28e",
                "sha256:4bef0756b9e0df78e8d67a5b1e0e89b7daf41525d575f74e1f14a993c55b680d",
                "sha256:4fe081862e58b8fbef0e479aefc9a64f8f17f53074df1085d8c1fe825a6e5df4",
                "sha256:505a8d1b4ac571a51f10c4c995d5d4714f03c886604dc3c097ef5fd57bcfcf0b",
                "sha256:5c2e81b6ab9768c43f2ca1c9a4c925823aad79ae95efb351007df4b92ebce592",
                "sha256:70ff2df0c1795c5cf585a72d95bb458838b40bad5653c314b9067ba819e918f9",
                "sha256:97b5612fc5d4bbf0490a2d80bed5eab5b59112ef1640440c1a9ac824bafa6968",
                "sha256:a35f8f4a0334ed8b05db90383aecef8e49923ab430689a4360a74052f3a89cf4",
                "sha256:aafe85a8210dfa1da3c46831b7f00c3735240b7b028eeba339eaea6ffdb593fb",
                "sha256:c2e53eb253840f05278a8410628419ba7060815f86d48c9d83b6047de21c9956",
                "sha256:c3645887db3309fc87c3db740b977d403fb265ebab292f1f6a926c4661231fd5",
                "sha256:c6565cc92853af13237b2233f331efdad07339d27fe1f5f74256bfde7dc2f587",
                "sha256:cbc322c5d5615e67c2a15be631f64e6c2bab8c12505bc7c150948abdaa0bdbac",
                "sha256:df749ee982ec35ab76d37a1e637b10a92b4573e2b4e1f86a5fa8a1273c40a850",
                "sha256:e9439d7b801c86df13c6cbb4c5a7e181c058f3c119d5e119a94a5f3090a8f060",
                "sha256:f493ac4754717f25ace3614a51dd408a32b8bff3c9c0c85e9356e7e0a120a8c8",
                "sha256:f80d10bdf1a306f7063046321fd4efc7732a606acdd4e6259b8a37349079b704",
                "sha256:f83b0c91796eb42865451a20e82246011078ba067ea0744f7301e12a94ae2e1b"
            ],
            "index": "pypi",
            "version": "==1.28.1"
        },
        "grpcio-tools": {
            "hashes": [
                "sha256:095911bd21dd2dc029b8862b44e65b41341135fd16da60ad9d0df4b8e9a0618e",
                "sha256:17a6b63ee1650abbbc9306f3144d1d3bd3d088a270ca6569afcb68a8cc4a4a38",
                "sha256:27fcab84ea948d965f82c7994903e8e36a20ce4ad7ef55a22c8d7c639e6c8808",
                "sha256:2ffa5f6fbd26ea6c7626bf89d6ef4d64d111000a8bd4e9df69b070093de0f85d",
                "sha256:491dcd98d988c0a4ed9bbb1ec6310588fc0e16b334b64119b973363a1cf96cc1",
                "sha256:493b5a275ff2692942951926a259e396ff13acec72e6d93498638006b1a1bd71",
                "sha256:4c980208c1620e52e86c4037058097673ee8e3bbbec34582f2538e614d0c41f4",
                "sha256:55f3a86c3a808b8a5c2dc8112c45329dd912e43a6fb474da94a7e04d8bb36e1a",
                "sha256:69a60e1c020547668f313b7a81d653f8c820066ab0f6ed979af760905b61d9e1",
                "sha256:6f7806fe53e5979fa10ec49cbd5236cf0e57c8817ce54350bccc8ebceaeb54fb",
                "sha256:8f752fa03eb2d851aac5838aa46a5b831660e9800634fad8ccd46539e9cb4663",
                "sha256:9210b3575fee355a4056cff8ff7212b823371e9fa9ad1467e3c0c5cb006d0d7d",
                "sha256:9b900cf90b293acd48bf258d5e416eae9540b5aa0c75cc2fe68a7e2c5f4834ae",
                "sha256:addc40a47f496cafa108ba1a31838a9832223e0dcafaf424d38e6b8c79fe26ac",
                "sha256:adf089aaf6e21358b12e39d9fa7c28611340d8399a918c0b72ff122ce9b7e0af",
                "sha256:b22172e3ad5e849815f3e35a002fb67c52e83cd3e4299cf45760de4674c7cd04",
                "sha256:b5cf457dcd6499f8c2f2bdcc486d681ca3ee673064484a31c507df6139bf00fe",
                "sha256:b5ee6f089bb040d175e658911760584c7a6cb70fbdcc78bdbe6349475933483b",
                "sha256:bb9b1a05917011e98e5331d129a40a41f49c5652e1b86d5fea9b3f6c98454928",
                "sha256:c527db050fa619a2bd293a73db0e0af42f0bd5a4f41c043fc5da543d81f5fed6",
                "sha256:c9efe6420d2ffaf9aa32d292817ddfc939b9adf28a51cef30984bab02ed35a58",
                "sha256:cb7b54a96f4d9aae5d9c6b644a69ce48c12cfa3558c86ce0a62d9c8a08a83f2e",
                "sha256:d661e5c4f82f9a223b9d1a6c9ec68faea060324e0d25684a6f7fb0b9622ab561",
                "sha256:d6ee6f338e0099976161e78ecf91d2ab9c04be75a944ef29facc93a4aad28e1d",
                "sha256:d89dec894495c51ee0a8dd0c896e4320e95bab179c3faa6a439ef5719486c35e",
                "sha256:dc7ea3739aa6f5abe6e9a27f403b30c7996978176e5884c41ff3d8a153e7c35a",
                "sha256:de10f8b28ef3e8a7f336e02b7c2912713bd41e0931c4fad3a6993d25c8511159",
                "sha256:e05f7bfb63b844b7f9d8b50019b02168fd8982278dc0443986f3504b3cb87d2a",
                "sha256:e942dd349d5be0d5ebbe96ed9cbcfb5fdb0bc7b57357754c42db8083a0ec80aa",
                "sha256:edc01f022a878722ae69bff3faa8c6ec7e967d57b7e8a5f4b2f6100ad903a978",
                "sha256:f61d219d06057e015d662c0b40438f119f58e514a5bebf425058a34d05ff21db"
            ],
            "index": "pypi",
            "version": "==1.28.1"
        },
        "nltk": {
            "hashes": [
                "sha256:bed45551259aa2101381bbdd5df37d44ca2669c5c3dad72439fa459b29137d94"
            ],
            "index": "pypi",
            "version": "==3.4.5"
        },
        "protobuf": {
            "hashes": [
                "sha256:0277f62b1e42210cafe79a71628c1d553348da81cbd553402a7f7549c50b11d0",
                "sha256:07eec4e2ccbc74e95bb9b3afe7da67957947ee95bdac2b2e91b038b832dd71f0",
                "sha256:1c0e9e56202b9dccbc094353285a252e2b7940b74fdf75f1b4e1b137833fabd7",
                "sha256:1f0b5d156c3df08cc54bc2c8b8b875648ea4cd7ebb2a9a130669f7547ec3488c",
                "sha256:2dc0e8a9e4962207bdc46a365b63a3f1aca6f9681a5082a326c5837ef8f4b745",
                "sha256:3053f13207e7f13dc7be5e9071b59b02020172f09f648e85dc77e3fcb50d1044",
                "sha256:4a054b0b5900b7ea7014099e783fb8c4618e4209fffcd6050857517b3f156e18",
                "sha256:510e66491f1a5ac5953c908aa8300ec47f793130097e4557482803b187a8ee05",
                "sha256:5ff9fa0e67fcab442af9bc8d4ec3f82cb2ff3be0af62dba047ed4187f0088b7d",
                "sha256:90270fe5732c1f1ff664a3bd7123a16456d69b4e66a09a139a00443a32f210b8",
                "sha256:a0a08c6b2e6d6c74a6eb5bf6184968eefb1569279e78714e239d33126e753403",
                "sha256:c5566f956a26cda3abdfacc0ca2e21db6c9f3d18f47d8d4751f2209d6c1a5297",
                "sha256:dab75b56a12b1ceb3e40808b5bd9dfdaef3a1330251956e6744e5b6ed8f8830b",
                "sha256:efa4c4d4fc9ba734e5e85eaced70e1b63fb3c8d08482d839eb838566346f1737",
                "sha256:f17b352d7ce33c81773cf81d536ca70849de6f73c96413f17309f4b43ae7040b",
                "sha256:f42c2f5fb67da5905bfc03733a311f72fa309252bcd77c32d1462a1ad519521e",
                "sha256:f6077db37bfa16494dca58a4a02bfdacd87662247ad6bc1f7f8d13ff3f0013e1",
                "sha256:f80afc0a0ba13339bbab25ca0409e9e2836b12bb012364c06e97c2df250c3343",
                "sha256:f9cadaaa4065d5dd4d15245c3b68b967b3652a3108e77f292b58b8c35114b56c",
                "sha256:fad4f971ec38d8df7f4b632c819bf9bbf4f57cfd7312cf526c69ce17ef32436a"
            ],
            "version": "==3.15.8"
        },
        "six": {
            "hashes": [
                "sha256:30639c035cdb23534cd4aa2dd52c3bf48f06e5f4a941509c8bafd8ce11080259",
                "sha256:8b74bedcbbbaca38ff6d7491d76f2b06b3592611af620f8426e82dddb04a5ced"
            ],
            "version": "==1.15.0"
        }
    }
}
